
Microsoft Visual Studio Solution File, Format Version 12.00
# Visual Studio Version 17
VisualStudioVersion = 17.11.35327.3
MinimumVisualStudioVersion = 10.0.40219.1
Project("{2150E333-8FDC-42A3-9474-1A3956D46DE8}") = "Task0", "Task0", "{4AA5C50F-403F-424D-AEE2-A84471A745F8}"
EndProject
Project("{FAE04EC0-301F-11D3-BF4B-00C04F79EFBC}") = "Tyuiu.BurdovKS.Sprint2.Task0.V22", "Tyuiu.BurdovKS.Sprint2.Task0.V22\Tyuiu.BurdovKS.Sprint2.Task0.V22.csproj", "{5EF7BAC6-31DA-4BD2-8E81-CC9EBCA511F7}"
EndProject
Project("{FAE04EC0-301F-11D3-BF4B-00C04F79EFBC}") = "Tyuiu.BurdovKS.Sprint2.Task0.V22.Lib", "Tyuiu.BurdovKS.Sprint2.Task0.V22.Lib\Tyuiu.BurdovKS.Sprint2.Task0.V22.Lib.csproj", "{4AC3303E-5BD3-4CDB-AB3D-9D2F0C339C6E}"
EndProject
Project("{FAE04EC0-301F-11D3-BF4B-00C04F79EFBC}") = "Tyuiu.BurdovKS.Sprint2.Task0.V22.Test", "Tyuiu.BurdovKS.Sprint2.Task0.V22.Test\Tyuiu.BurdovKS.Sprint2.Task0.V22.Test.csproj", "{06862203-0811-46B1-AC33-F611236ACEB2}"
EndProject
Global
	GlobalSection(SolutionConfigurationPlatforms) = preSolution
		Debug|Any CPU = Debug|Any CPU
		Release|Any CPU = Release|Any CPU
	EndGlobalSection
	GlobalSection(ProjectConfigurationPlatforms) = postSolution
		{5EF7BAC6-31DA-4BD2-8E81-CC9EBCA511F7}.Debug|Any CPU.ActiveCfg = Debug|Any CPU
		{5EF7BAC6-31DA-4BD2-8E81-CC9EBCA511F7}.Debug|Any CPU.Build.0 = Debug|Any CPU
		{5EF7BAC6-31DA-4BD2-8E81-CC9EBCA511F7}.Release|Any CPU.ActiveCfg = Release|Any CPU
		{5EF7BAC6-31DA-4BD2-8E81-CC9EBCA511F7}.Release|Any CPU.Build.0 = Release|Any CPU
		{4AC3303E-5BD3-4CDB-AB3D-9D2F0C339C6E}.Debug|Any CPU.ActiveCfg = Debug|Any CPU
		{4AC3303E-5BD3-4CDB-AB3D-9D2F0C339C6E}.Debug|Any CPU.Build.0 = Debug|Any CPU
		{4AC3303E-5BD3-4CDB-AB3D-9D2F0C339C6E}.Release|Any CPU.ActiveCfg = Release|Any CPU
		{4AC3303E-5BD3-4CDB-AB3D-9D2F0C339C6E}.Release|Any CPU.Build.0 = Release|Any CPU
		{06862203-0811-46B1-AC33-F611236ACEB2}.Debug|Any CPU.ActiveCfg = Debug|Any CPU
		{06862203-0811-46B1-AC33-F611236ACEB2}.Debug|Any CPU.Build.0 = Debug|Any CPU
		{06862203-0811-46B1-AC33-F611236ACEB2}.Release|Any CPU.ActiveCfg = Release|Any CPU
		{06862203-0811-46B1-AC33-F611236ACEB2}.Release|Any CPU.Build.0 = Release|Any CPU
	EndGlobalSection
	GlobalSection(SolutionProperties) = preSolution
		HideSolutionNode = FALSE
	EndGlobalSection
	GlobalSection(NestedProjects) = preSolution
		{5EF7BAC6-31DA-4BD2-8E81-CC9EBCA511F7} = {4AA5C50F-403F-424D-AEE2-A84471A745F8}
		{4AC3303E-5BD3-4CDB-AB3D-9D2F0C339C6E} = {4AA5C50F-403F-424D-AEE2-A84471A745F8}
		{06862203-0811-46B1-AC33-F611236ACEB2} = {4AA5C50F-403F-424D-AEE2-A84471A745F8}
	EndGlobalSection
	GlobalSection(ExtensibilityGlobals) = postSolution
		SolutionGuid = {81F1120A-7E32-4C35-85CD-71C44BFDAD8D}
	EndGlobalSection
EndGlobal
