
Microsoft Visual Studio Solution File, Format Version 12.00
# Visual Studio Version 17
VisualStudioVersion = 17.11.35327.3
MinimumVisualStudioVersion = 10.0.40219.1
Project("{2150E333-8FDC-42A3-9474-1A3956D46DE8}") = "Task0", "Task0", "{4AA5C50F-403F-424D-AEE2-A84471A745F8}"
EndProject
Project("{9A19103F-16F7-4668-BE54-9A1E7A4F7556}") = "Tyuiu.BurdovKS.Sprint2.Task0.V22", "Tyuiu.BurdovKS.Sprint2.Task0.V22\Tyuiu.BurdovKS.Sprint2.Task0.V22.csproj", "{5EF7BAC6-31DA-4BD2-8E81-CC9EBCA511F7}"
EndProject
Project("{9A19103F-16F7-4668-BE54-9A1E7A4F7556}") = "Tyuiu.BurdovKS.Sprint2.Task0.V22.Lib", "Tyuiu.BurdovKS.Sprint2.Task0.V22.Lib\Tyuiu.BurdovKS.Sprint2.Task0.V22.Lib.csproj", "{4AC3303E-5BD3-4CDB-AB3D-9D2F0C339C6E}"
EndProject
Project("{9A19103F-16F7-4668-BE54-9A1E7A4F7556}") = "Tyuiu.BurdovKS.Sprint2.Task0.V22.Test", "Tyuiu.BurdovKS.Sprint2.Task0.V22.Test\Tyuiu.BurdovKS.Sprint2.Task0.V22.Test.csproj", "{06862203-0811-46B1-AC33-F611236ACEB2}"
EndProject
Project("{2150E333-8FDC-42A3-9474-1A3956D46DE8}") = "Task1", "Task1", "{3879AEE7-02BD-46C0-B602-C6D0E5C2BF47}"
EndProject
Project("{9A19103F-16F7-4668-BE54-9A1E7A4F7556}") = "Tyuiu.BurdovKS.Sprint2.Task1.V2", "Tyuiu.BurdovKS.Sprint2.Task1.V2\Tyuiu.BurdovKS.Sprint2.Task1.V2.csproj", "{E64F3883-B176-40B8-87F6-350A956EC1CC}"
EndProject
Project("{9A19103F-16F7-4668-BE54-9A1E7A4F7556}") = "Tyuiu.BurdovKS.Sprint2.Task1.V2.Lib", "Tyuiu.BurdovKS.Sprint2.Task1.V2.Lib\Tyuiu.BurdovKS.Sprint2.Task1.V2.Lib.csproj", "{719B2C33-224C-4A92-AFE8-8BFDF601EE44}"
EndProject
Project("{9A19103F-16F7-4668-BE54-9A1E7A4F7556}") = "Tyuiu.BurdovKS.Sprint2.Task1.V2.Test", "Tyuiu.BurdovKS.Sprint2.Task1.V2.Test\Tyuiu.BurdovKS.Sprint2.Task1.V2.Test.csproj", "{FE057391-881A-4545-AAC6-1041FD71AF8D}"
EndProject
Project("{2150E333-8FDC-42A3-9474-1A3956D46DE8}") = "Task2", "Task2", "{2E7ED393-C7D7-46BE-A4B7-62F12485E642}"
EndProject
Project("{9A19103F-16F7-4668-BE54-9A1E7A4F7556}") = "Tyuiu.BurdovKS.Sprint2.Task2.V13", "Tyuiu.BurdovKS.Sprint2.Task2.V13\Tyuiu.BurdovKS.Sprint2.Task2.V13.csproj", "{1BD5D33E-1258-4921-941B-B7C666299F40}"
EndProject
Project("{9A19103F-16F7-4668-BE54-9A1E7A4F7556}") = "Tyuiu.BurdovKS.Sprint2.Task2.V13.Lib", "Tyuiu.BurdovKS.Sprint2.Task2.V13.Lib\Tyuiu.BurdovKS.Sprint2.Task2.V13.Lib.csproj", "{14B8634F-73CE-4A97-BC1E-58FB6C6362D3}"
EndProject
Project("{9A19103F-16F7-4668-BE54-9A1E7A4F7556}") = "Tyuiu.BurdovKS.Sprint2.Task2.V13.Test", "Tyuiu.BurdovKS.Sprint2.Task2.V13.Test\Tyuiu.BurdovKS.Sprint2.Task2.V13.Test.csproj", "{D65D5A47-9C45-440F-A908-7557C2CF6E1A}"
EndProject
Project("{2150E333-8FDC-42A3-9474-1A3956D46DE8}") = "Task3", "Task3", "{40C60764-9C07-4E99-AAD1-1A2307C61573}"
EndProject
Project("{9A19103F-16F7-4668-BE54-9A1E7A4F7556}") = "Tyuiu.BurdovKS.Sprint2.Task3.V22", "Tyuiu.BurdovKS.Sprint2.Task3.V22\Tyuiu.BurdovKS.Sprint2.Task3.V22.csproj", "{959FB81F-B9D5-497D-8A01-5E478782E473}"
EndProject
Project("{9A19103F-16F7-4668-BE54-9A1E7A4F7556}") = "Tyuiu.BurdovKS.Sprint2.Task3.V22.Lib", "Tyuiu.BurdovKS.Sprint2.Task3.V22.Lib\Tyuiu.BurdovKS.Sprint2.Task3.V22.Lib.csproj", "{B7659F6B-0445-4ABB-99ED-11DA7339052F}"
EndProject
Project("{9A19103F-16F7-4668-BE54-9A1E7A4F7556}") = "Tyuiu.BurdovKS.Sprint2.Task3.V22.Test", "Tyuiu.BurdovKS.Sprint2.Task3.V22.Test\Tyuiu.BurdovKS.Sprint2.Task3.V22.Test.csproj", "{EDBFEF76-0B91-4D15-95E6-DE13A496E42E}"
EndProject
Project("{2150E333-8FDC-42A3-9474-1A3956D46DE8}") = "Task4", "Task4", "{EE1ACB64-3670-447D-9E57-67E5A98FBE57}"
EndProject
Project("{FAE04EC0-301F-11D3-BF4B-00C04F79EFBC}") = "Tyuiu.BurdovKS.Sprint2.Task4.V13", "Tyuiu.BurdovKS.Sprint2.Task4.V13\Tyuiu.BurdovKS.Sprint2.Task4.V13.csproj", "{E0DDD782-D6E8-4077-B6F3-71BE96B51039}"
EndProject
Project("{FAE04EC0-301F-11D3-BF4B-00C04F79EFBC}") = "Tyuiu.BurdovKS.Sprint2.Task4.V13.Lib", "Tyuiu.BurdovKS.Sprint2.Task4.V13.Lib\Tyuiu.BurdovKS.Sprint2.Task4.V13.Lib.csproj", "{314DC37D-4FA4-4BBF-B8E5-BF7A07688C4C}"
EndProject
Project("{FAE04EC0-301F-11D3-BF4B-00C04F79EFBC}") = "Tyuiu.BurdovKS.Sprint2.Task4.V13.Test", "Tyuiu.BurdovKS.Sprint2.Task4.V13.Test\Tyuiu.BurdovKS.Sprint2.Task4.V13.Test.csproj", "{82CD9402-56F2-4CC2-B258-EDDA8FB5CC0E}"
EndProject
Global
	GlobalSection(SolutionConfigurationPlatforms) = preSolution
		Debug|Any CPU = Debug|Any CPU
		Release|Any CPU = Release|Any CPU
	EndGlobalSection
	GlobalSection(ProjectConfigurationPlatforms) = postSolution
		{5EF7BAC6-31DA-4BD2-8E81-CC9EBCA511F7}.Debug|Any CPU.ActiveCfg = Debug|Any CPU
		{5EF7BAC6-31DA-4BD2-8E81-CC9EBCA511F7}.Debug|Any CPU.Build.0 = Debug|Any CPU
		{5EF7BAC6-31DA-4BD2-8E81-CC9EBCA511F7}.Release|Any CPU.ActiveCfg = Release|Any CPU
		{5EF7BAC6-31DA-4BD2-8E81-CC9EBCA511F7}.Release|Any CPU.Build.0 = Release|Any CPU
		{4AC3303E-5BD3-4CDB-AB3D-9D2F0C339C6E}.Debug|Any CPU.ActiveCfg = Debug|Any CPU
		{4AC3303E-5BD3-4CDB-AB3D-9D2F0C339C6E}.Debug|Any CPU.Build.0 = Debug|Any CPU
		{4AC3303E-5BD3-4CDB-AB3D-9D2F0C339C6E}.Release|Any CPU.ActiveCfg = Release|Any CPU
		{4AC3303E-5BD3-4CDB-AB3D-9D2F0C339C6E}.Release|Any CPU.Build.0 = Release|Any CPU
		{06862203-0811-46B1-AC33-F611236ACEB2}.Debug|Any CPU.ActiveCfg = Debug|Any CPU
		{06862203-0811-46B1-AC33-F611236ACEB2}.Debug|Any CPU.Build.0 = Debug|Any CPU
		{06862203-0811-46B1-AC33-F611236ACEB2}.Release|Any CPU.ActiveCfg = Release|Any CPU
		{06862203-0811-46B1-AC33-F611236ACEB2}.Release|Any CPU.Build.0 = Release|Any CPU
		{E64F3883-B176-40B8-87F6-350A956EC1CC}.Debug|Any CPU.ActiveCfg = Debug|Any CPU
		{E64F3883-B176-40B8-87F6-350A956EC1CC}.Debug|Any CPU.Build.0 = Debug|Any CPU
		{E64F3883-B176-40B8-87F6-350A956EC1CC}.Release|Any CPU.ActiveCfg = Release|Any CPU
		{E64F3883-B176-40B8-87F6-350A956EC1CC}.Release|Any CPU.Build.0 = Release|Any CPU
		{719B2C33-224C-4A92-AFE8-8BFDF601EE44}.Debug|Any CPU.ActiveCfg = Debug|Any CPU
		{719B2C33-224C-4A92-AFE8-8BFDF601EE44}.Debug|Any CPU.Build.0 = Debug|Any CPU
		{719B2C33-224C-4A92-AFE8-8BFDF601EE44}.Release|Any CPU.ActiveCfg = Release|Any CPU
		{719B2C33-224C-4A92-AFE8-8BFDF601EE44}.Release|Any CPU.Build.0 = Release|Any CPU
		{FE057391-881A-4545-AAC6-1041FD71AF8D}.Debug|Any CPU.ActiveCfg = Debug|Any CPU
		{FE057391-881A-4545-AAC6-1041FD71AF8D}.Debug|Any CPU.Build.0 = Debug|Any CPU
		{FE057391-881A-4545-AAC6-1041FD71AF8D}.Release|Any CPU.ActiveCfg = Release|Any CPU
		{FE057391-881A-4545-AAC6-1041FD71AF8D}.Release|Any CPU.Build.0 = Release|Any CPU
		{1BD5D33E-1258-4921-941B-B7C666299F40}.Debug|Any CPU.ActiveCfg = Debug|Any CPU
		{1BD5D33E-1258-4921-941B-B7C666299F40}.Debug|Any CPU.Build.0 = Debug|Any CPU
		{1BD5D33E-1258-4921-941B-B7C666299F40}.Release|Any CPU.ActiveCfg = Release|Any CPU
		{1BD5D33E-1258-4921-941B-B7C666299F40}.Release|Any CPU.Build.0 = Release|Any CPU
		{14B8634F-73CE-4A97-BC1E-58FB6C6362D3}.Debug|Any CPU.ActiveCfg = Debug|Any CPU
		{14B8634F-73CE-4A97-BC1E-58FB6C6362D3}.Debug|Any CPU.Build.0 = Debug|Any CPU
		{14B8634F-73CE-4A97-BC1E-58FB6C6362D3}.Release|Any CPU.ActiveCfg = Release|Any CPU
		{14B8634F-73CE-4A97-BC1E-58FB6C6362D3}.Release|Any CPU.Build.0 = Release|Any CPU
		{D65D5A47-9C45-440F-A908-7557C2CF6E1A}.Debug|Any CPU.ActiveCfg = Debug|Any CPU
		{D65D5A47-9C45-440F-A908-7557C2CF6E1A}.Debug|Any CPU.Build.0 = Debug|Any CPU
		{D65D5A47-9C45-440F-A908-7557C2CF6E1A}.Release|Any CPU.ActiveCfg = Release|Any CPU
		{D65D5A47-9C45-440F-A908-7557C2CF6E1A}.Release|Any CPU.Build.0 = Release|Any CPU
		{959FB81F-B9D5-497D-8A01-5E478782E473}.Debug|Any CPU.ActiveCfg = Debug|Any CPU
		{959FB81F-B9D5-497D-8A01-5E478782E473}.Debug|Any CPU.Build.0 = Debug|Any CPU
		{959FB81F-B9D5-497D-8A01-5E478782E473}.Release|Any CPU.ActiveCfg = Release|Any CPU
		{959FB81F-B9D5-497D-8A01-5E478782E473}.Release|Any CPU.Build.0 = Release|Any CPU
		{B7659F6B-0445-4ABB-99ED-11DA7339052F}.Debug|Any CPU.ActiveCfg = Debug|Any CPU
		{B7659F6B-0445-4ABB-99ED-11DA7339052F}.Debug|Any CPU.Build.0 = Debug|Any CPU
		{B7659F6B-0445-4ABB-99ED-11DA7339052F}.Release|Any CPU.ActiveCfg = Release|Any CPU
		{B7659F6B-0445-4ABB-99ED-11DA7339052F}.Release|Any CPU.Build.0 = Release|Any CPU
		{EDBFEF76-0B91-4D15-95E6-DE13A496E42E}.Debug|Any CPU.ActiveCfg = Debug|Any CPU
		{EDBFEF76-0B91-4D15-95E6-DE13A496E42E}.Debug|Any CPU.Build.0 = Debug|Any CPU
		{EDBFEF76-0B91-4D15-95E6-DE13A496E42E}.Release|Any CPU.ActiveCfg = Release|Any CPU
		{EDBFEF76-0B91-4D15-95E6-DE13A496E42E}.Release|Any CPU.Build.0 = Release|Any CPU
		{E0DDD782-D6E8-4077-B6F3-71BE96B51039}.Debug|Any CPU.ActiveCfg = Debug|Any CPU
		{E0DDD782-D6E8-4077-B6F3-71BE96B51039}.Debug|Any CPU.Build.0 = Debug|Any CPU
		{E0DDD782-D6E8-4077-B6F3-71BE96B51039}.Release|Any CPU.ActiveCfg = Release|Any CPU
		{E0DDD782-D6E8-4077-B6F3-71BE96B51039}.Release|Any CPU.Build.0 = Release|Any CPU
		{314DC37D-4FA4-4BBF-B8E5-BF7A07688C4C}.Debug|Any CPU.ActiveCfg = Debug|Any CPU
		{314DC37D-4FA4-4BBF-B8E5-BF7A07688C4C}.Debug|Any CPU.Build.0 = Debug|Any CPU
		{314DC37D-4FA4-4BBF-B8E5-BF7A07688C4C}.Release|Any CPU.ActiveCfg = Release|Any CPU
		{314DC37D-4FA4-4BBF-B8E5-BF7A07688C4C}.Release|Any CPU.Build.0 = Release|Any CPU
		{82CD9402-56F2-4CC2-B258-EDDA8FB5CC0E}.Debug|Any CPU.ActiveCfg = Debug|Any CPU
		{82CD9402-56F2-4CC2-B258-EDDA8FB5CC0E}.Debug|Any CPU.Build.0 = Debug|Any CPU
		{82CD9402-56F2-4CC2-B258-EDDA8FB5CC0E}.Release|Any CPU.ActiveCfg = Release|Any CPU
		{82CD9402-56F2-4CC2-B258-EDDA8FB5CC0E}.Release|Any CPU.Build.0 = Release|Any CPU
	EndGlobalSection
	GlobalSection(SolutionProperties) = preSolution
		HideSolutionNode = FALSE
	EndGlobalSection
	GlobalSection(NestedProjects) = preSolution
		{5EF7BAC6-31DA-4BD2-8E81-CC9EBCA511F7} = {4AA5C50F-403F-424D-AEE2-A84471A745F8}
		{4AC3303E-5BD3-4CDB-AB3D-9D2F0C339C6E} = {4AA5C50F-403F-424D-AEE2-A84471A745F8}
		{06862203-0811-46B1-AC33-F611236ACEB2} = {4AA5C50F-403F-424D-AEE2-A84471A745F8}
		{E64F3883-B176-40B8-87F6-350A956EC1CC} = {3879AEE7-02BD-46C0-B602-C6D0E5C2BF47}
		{719B2C33-224C-4A92-AFE8-8BFDF601EE44} = {3879AEE7-02BD-46C0-B602-C6D0E5C2BF47}
		{FE057391-881A-4545-AAC6-1041FD71AF8D} = {3879AEE7-02BD-46C0-B602-C6D0E5C2BF47}
		{1BD5D33E-1258-4921-941B-B7C666299F40} = {2E7ED393-C7D7-46BE-A4B7-62F12485E642}
		{14B8634F-73CE-4A97-BC1E-58FB6C6362D3} = {2E7ED393-C7D7-46BE-A4B7-62F12485E642}
		{D65D5A47-9C45-440F-A908-7557C2CF6E1A} = {2E7ED393-C7D7-46BE-A4B7-62F12485E642}
		{959FB81F-B9D5-497D-8A01-5E478782E473} = {40C60764-9C07-4E99-AAD1-1A2307C61573}
		{B7659F6B-0445-4ABB-99ED-11DA7339052F} = {40C60764-9C07-4E99-AAD1-1A2307C61573}
		{EDBFEF76-0B91-4D15-95E6-DE13A496E42E} = {40C60764-9C07-4E99-AAD1-1A2307C61573}
		{E0DDD782-D6E8-4077-B6F3-71BE96B51039} = {EE1ACB64-3670-447D-9E57-67E5A98FBE57}
		{314DC37D-4FA4-4BBF-B8E5-BF7A07688C4C} = {EE1ACB64-3670-447D-9E57-67E5A98FBE57}
		{82CD9402-56F2-4CC2-B258-EDDA8FB5CC0E} = {EE1ACB64-3670-447D-9E57-67E5A98FBE57}
	EndGlobalSection
	GlobalSection(ExtensibilityGlobals) = postSolution
		SolutionGuid = {81F1120A-7E32-4C35-85CD-71C44BFDAD8D}
	EndGlobalSection
EndGlobal
